<Solution>
  <Folder Name="/src/">
    <Project Path="Commerce.Application/Commerce.Application.csproj" Id="eea7b2ea-6158-4959-b6ba-0767f60866e8" />
    <Project Path="Commerce.Infrastructure/Commerce.Infrastructure.csproj" Id="5e22ad3d-2b0d-43a8-a9a2-898362c0923a" />
    <Project Path="src/Commerce.api/Commerce.api.csproj" />
    <Project Path="src/Commerce.Domain/Commerce.Domain.csproj" />
  </Folder>
</Solution>
