<Solution>
  <Folder Name="/src/">
    <Project Path="src/Commerce.api/Commerce.api.csproj" Id="..." />
    <Project Path="src/Commerce.Application/Commerce.Application.csproj" Id="eb5c81f5-72ad-4a85-8c3c-32001fb1dc0e" />
    <Project Path="src/Commerce.Domain/Commerce.Domain.csproj" Id="..." />
    <Project Path="src/Commerce.Domain.Tests/Commerce.Domain.Tests.csproj" Id="dbb13ece-a114-405c-80b9-44e0955af827" />
    <Project Path="src/Commerce.Infrastructure/Commerce.Infrastructure.csproj" Id="4e84251b-6eb9-43e7-a353-3ec3f5b40466" />
  </Folder>
</Solution>